{
  "name": "exec-sql",
  "version": "1.0.0",
  "lockfileVersion": 1,
  "requires": true,
  "dependencies": {
    "bignumber.js": {
      "version": "1.0.1",
      "resolved": "https://registry.npmjs.org/bignumber.js/-/bignumber.js-1.0.1.tgz",
      "integrity": "sha1-DpU4loI7eD1I6pIYhNP9kLib3LE="
    },
    "execsql": {
      "version": "0.0.3",
      "resolved": "https://registry.npmjs.org/execsql/-/execsql-0.0.3.tgz",
      "integrity": "sha1-2Qvl0sSMJ2CAAz5K7QrwSMUkYZ4=",
      "requires": {
        "mysql": "2.0.0-rc2",
        "optimist": "0.6.0",
        "underscore": "1.5.2"
      }
    },
    "minimist": {
      "version": "0.0.10",
      "resolved": "https://registry.npmjs.org/minimist/-/minimist-0.0.10.tgz",
      "integrity": "sha1-3j+YVD2/lggr5IrRoMfNqDYwHc8="
    },
    "mysql": {
      "version": "2.0.0-rc2",
      "resolved": "https://registry.npmjs.org/mysql/-/mysql-2.0.0-rc2.tgz",
      "integrity": "sha1-gudn2OBzVpEV4ZPWeUu13BR6/EU=",
      "requires": {
        "bignumber.js": "1.0.1",
        "require-all": "0.0.3"
      }
    },
    "optimist": {
      "version": "0.6.0",
      "resolved": "https://registry.npmjs.org/optimist/-/optimist-0.6.0.tgz",
      "integrity": "sha1-aUJIJvNAX3nxQub8PZrljU27kgA=",
      "requires": {
        "minimist": "0.0.10",
        "wordwrap": "0.0.3"
      }
    },
    "require-all": {
      "version": "0.0.3",
      "resolved": "https://registry.npmjs.org/require-all/-/require-all-0.0.3.tgz",
      "integrity": "sha1-BR4ZIkbADTmb/mFkvE6BC8WI4Bo="
    },
    "underscore": {
      "version": "1.5.2",
      "resolved": "https://registry.npmjs.org/underscore/-/underscore-1.5.2.tgz",
      "integrity": "sha1-EzXF5PXm0zu7SwBrqMhqAPVW3gg="
    },
    "wordwrap": {
      "version": "0.0.3",
      "resolved": "https://registry.npmjs.org/wordwrap/-/wordwrap-0.0.3.tgz",
      "integrity": "sha1-o9XabNXAvAAI03I0u68b7WMFkQc="
    }
  }
}
